
Microsoft Visual Studio Solution File, Format Version 12.00
# Visual Studio Version 17
VisualStudioVersion = 17.5.002.0
MinimumVisualStudioVersion = 10.0.40219.1
Project("{9A19103F-16F7-4668-BE54-9A1E7A4F7556}") = "Gateway", "Gateway.csproj", "{FBBAD9FB-2DEB-4F8D-B815-05EC88991E28}"
EndProject
Global
	GlobalSection(SolutionConfigurationPlatforms) = preSolution
		Debug|Any CPU = Debug|Any CPU
		Release|Any CPU = Release|Any CPU
	EndGlobalSection
	GlobalSection(ProjectConfigurationPlatforms) = postSolution
		{FBBAD9FB-2DEB-4F8D-B815-05EC88991E28}.Debug|Any CPU.ActiveCfg = Debug|Any CPU
		{FBBAD9FB-2DEB-4F8D-B815-05EC88991E28}.Debug|Any CPU.Build.0 = Debug|Any CPU
		{FBBAD9FB-2DEB-4F8D-B815-05EC88991E28}.Release|Any CPU.ActiveCfg = Release|Any CPU
		{FBBAD9FB-2DEB-4F8D-B815-05EC88991E28}.Release|Any CPU.Build.0 = Release|Any CPU
	EndGlobalSection
	GlobalSection(SolutionProperties) = preSolution
		HideSolutionNode = FALSE
	EndGlobalSection
	GlobalSection(ExtensibilityGlobals) = postSolution
		SolutionGuid = {DA53B976-0BD9-499B-8D82-96F153A683EC}
	EndGlobalSection
EndGlobal
